
Microsoft Visual Studio Solution File, Format Version 12.00
# Visual Studio Version 17
VisualStudioVersion = 17.0.31903.59
MinimumVisualStudioVersion = 10.0.40219.1
Project("{FAE04EC0-301F-11D3-BF4B-00C04F79EFBC}") = "minimal-api", "Api\minimal-api.csproj", "{F8DA1ABA-F896-4175-8943-20291F11958D}"
EndProject
Project("{FAE04EC0-301F-11D3-BF4B-00C04F79EFBC}") = "Test", "Test\Test.csproj", "{963CC386-955E-4DFA-8467-DD0EDD6244B1}"
EndProject
Global
	GlobalSection(SolutionConfigurationPlatforms) = preSolution
		Debug|Any CPU = Debug|Any CPU
		Release|Any CPU = Release|Any CPU
	EndGlobalSection
	GlobalSection(SolutionProperties) = preSolution
		HideSolutionNode = FALSE
	EndGlobalSection
	GlobalSection(ProjectConfigurationPlatforms) = postSolution
		{F8DA1ABA-F896-4175-8943-20291F11958D}.Debug|Any CPU.ActiveCfg = Debug|Any CPU
		{F8DA1ABA-F896-4175-8943-20291F11958D}.Debug|Any CPU.Build.0 = Debug|Any CPU
		{F8DA1ABA-F896-4175-8943-20291F11958D}.Release|Any CPU.ActiveCfg = Release|Any CPU
		{F8DA1ABA-F896-4175-8943-20291F11958D}.Release|Any CPU.Build.0 = Release|Any CPU
		{963CC386-955E-4DFA-8467-DD0EDD6244B1}.Debug|Any CPU.ActiveCfg = Debug|Any CPU
		{963CC386-955E-4DFA-8467-DD0EDD6244B1}.Debug|Any CPU.Build.0 = Debug|Any CPU
		{963CC386-955E-4DFA-8467-DD0EDD6244B1}.Release|Any CPU.ActiveCfg = Release|Any CPU
		{963CC386-955E-4DFA-8467-DD0EDD6244B1}.Release|Any CPU.Build.0 = Release|Any CPU
	EndGlobalSection
EndGlobal
